
Microsoft Visual Studio Solution File, Format Version 12.00
# Visual Studio Version 17
VisualStudioVersion = 17.2.32526.322
MinimumVisualStudioVersion = 10.0.40219.1
Project("{FAE04EC0-301F-11D3-BF4B-00C04F79EFBC}") = "WpfApp2", "WpfApp2\WpfApp2.csproj", "{854B29E8-AEDF-491A-A0E4-A59A6D7F524E}"
EndProject
Global
	GlobalSection(SolutionConfigurationPlatforms) = preSolution
		Debug|Any CPU = Debug|Any CPU
		Release|Any CPU = Release|Any CPU
	EndGlobalSection
	GlobalSection(ProjectConfigurationPlatforms) = postSolution
		{854B29E8-AEDF-491A-A0E4-A59A6D7F524E}.Debug|Any CPU.ActiveCfg = Debug|Any CPU
		{854B29E8-AEDF-491A-A0E4-A59A6D7F524E}.Debug|Any CPU.Build.0 = Debug|Any CPU
		{854B29E8-AEDF-491A-A0E4-A59A6D7F524E}.Release|Any CPU.ActiveCfg = Release|Any CPU
		{854B29E8-AEDF-491A-A0E4-A59A6D7F524E}.Release|Any CPU.Build.0 = Release|Any CPU
	EndGlobalSection
	GlobalSection(SolutionProperties) = preSolution
		HideSolutionNode = FALSE
	EndGlobalSection
	GlobalSection(ExtensibilityGlobals) = postSolution
		SolutionGuid = {1E6E7B21-393C-44E4-9C3A-1A68BB947881}
	EndGlobalSection
EndGlobal
